// !$*UTF8*$!
{
	archiveVersion = 1;
	classes = {
	};
	objectVersion = 46;
	objects = {

/* Begin PBXBuildFile section */
		D10276111EBBEF650019C0F3 /* masterTabVC.swift in Sources */ = {isa = PBXBuildFile; fileRef = D10276101EBBEF650019C0F3 /* masterTabVC.swift */; };
		D12C59771EBB3A0D008E9CB4 /* CommunityTabVC.swift in Sources */ = {isa = PBXBuildFile; fileRef = D12C59761EBB3A0D008E9CB4 /* CommunityTabVC.swift */; };
		D12C59791EBB3A52008E9CB4 /* SearchTabVC.swift in Sources */ = {isa = PBXBuildFile; fileRef = D12C59781EBB3A52008E9CB4 /* SearchTabVC.swift */; };
		D168FBEC1EBB1CEB001648AF /* MatchVC.swift in Sources */ = {isa = PBXBuildFile; fileRef = D168FBEB1EBB1CEB001648AF /* MatchVC.swift */; };
		D168FBEE1EBB1D09001648AF /* SettingsVC.swift in Sources */ = {isa = PBXBuildFile; fileRef = D168FBED1EBB1D09001648AF /* SettingsVC.swift */; };
		D168FBF01EBB1D30001648AF /* MyProfileVC.swift in Sources */ = {isa = PBXBuildFile; fileRef = D168FBEF1EBB1D30001648AF /* MyProfileVC.swift */; };
		D168FBF21EBB1D85001648AF /* FeedVC.swift in Sources */ = {isa = PBXBuildFile; fileRef = D168FBF11EBB1D85001648AF /* FeedVC.swift */; };
		D168FBF41EBB1D98001648AF /* GroupsVC.swift in Sources */ = {isa = PBXBuildFile; fileRef = D168FBF31EBB1D98001648AF /* GroupsVC.swift */; };
		D168FBF61EBB1DA7001648AF /* EventsVC.swift in Sources */ = {isa = PBXBuildFile; fileRef = D168FBF51EBB1DA7001648AF /* EventsVC.swift */; };
		D19734401EBC096900C01309 /* Assets.xcassets in Resources */ = {isa = PBXBuildFile; fileRef = D197343F1EBC096900C01309 /* Assets.xcassets */; };
		D1A1F9DD1EA9375D00D2CFE2 /* AppDelegate.swift in Sources */ = {isa = PBXBuildFile; fileRef = D1A1F9DC1EA9375D00D2CFE2 /* AppDelegate.swift */; };
		D1A1F9E41EA9375D00D2CFE2 /* Main.storyboard in Resources */ = {isa = PBXBuildFile; fileRef = D1A1F9E21EA9375D00D2CFE2 /* Main.storyboard */; };
		D1A1F9E91EA9375D00D2CFE2 /* LaunchScreen.storyboard in Resources */ = {isa = PBXBuildFile; fileRef = D1A1F9E71EA9375D00D2CFE2 /* LaunchScreen.storyboard */; };
		D1A1F9F41EA9375D00D2CFE2 /* SeroMatchTests.swift in Sources */ = {isa = PBXBuildFile; fileRef = D1A1F9F31EA9375D00D2CFE2 /* SeroMatchTests.swift */; };
		D1A1F9FF1EA9375D00D2CFE2 /* SeroMatchUITests.swift in Sources */ = {isa = PBXBuildFile; fileRef = D1A1F9FE1EA9375D00D2CFE2 /* SeroMatchUITests.swift */; };
/* End PBXBuildFile section */

/* Begin PBXContainerItemProxy section */
		D1A1F9F01EA9375D00D2CFE2 /* PBXContainerItemProxy */ = {
			isa = PBXContainerItemProxy;
			containerPortal = D1A1F9D11EA9375D00D2CFE2 /* Project object */;
			proxyType = 1;
			remoteGlobalIDString = D1A1F9D81EA9375D00D2CFE2;
			remoteInfo = SeroMatch;
		};
		D1A1F9FB1EA9375D00D2CFE2 /* PBXContainerItemProxy */ = {
			isa = PBXContainerItemProxy;
			containerPortal = D1A1F9D11EA9375D00D2CFE2 /* Project object */;
			proxyType = 1;
			remoteGlobalIDString = D1A1F9D81EA9375D00D2CFE2;
			remoteInfo = SeroMatch;
		};
/* End PBXContainerItemProxy section */

/* Begin PBXFileReference section */
		D10276101EBBEF650019C0F3 /* masterTabVC.swift */ = {isa = PBXFileReference; fileEncoding = 4; lastKnownFileType = sourcecode.swift; path = masterTabVC.swift; sourceTree = "<group>"; };
		D12C59761EBB3A0D008E9CB4 /* CommunityTabVC.swift */ = {isa = PBXFileReference; fileEncoding = 4; lastKnownFileType = sourcecode.swift; path = CommunityTabVC.swift; sourceTree = "<group>"; };
		D12C59781EBB3A52008E9CB4 /* SearchTabVC.swift */ = {isa = PBXFileReference; fileEncoding = 4; lastKnownFileType = sourcecode.swift; path = SearchTabVC.swift; sourceTree = "<group>"; };
		D168FBEB1EBB1CEB001648AF /* MatchVC.swift */ = {isa = PBXFileReference; fileEncoding = 4; lastKnownFileType = sourcecode.swift; path = MatchVC.swift; sourceTree = "<group>"; };
		D168FBED1EBB1D09001648AF /* SettingsVC.swift */ = {isa = PBXFileReference; fileEncoding = 4; lastKnownFileType = sourcecode.swift; path = SettingsVC.swift; sourceTree = "<group>"; };
		D168FBEF1EBB1D30001648AF /* MyProfileVC.swift */ = {isa = PBXFileReference; fileEncoding = 4; lastKnownFileType = sourcecode.swift; path = MyProfileVC.swift; sourceTree = "<group>"; };
		D168FBF11EBB1D85001648AF /* FeedVC.swift */ = {isa = PBXFileReference; fileEncoding = 4; lastKnownFileType = sourcecode.swift; path = FeedVC.swift; sourceTree = "<group>"; };
		D168FBF31EBB1D98001648AF /* GroupsVC.swift */ = {isa = PBXFileReference; fileEncoding = 4; lastKnownFileType = sourcecode.swift; path = GroupsVC.swift; sourceTree = "<group>"; };
		D168FBF51EBB1DA7001648AF /* EventsVC.swift */ = {isa = PBXFileReference; fileEncoding = 4; lastKnownFileType = sourcecode.swift; path = EventsVC.swift; sourceTree = "<group>"; };
		D197343F1EBC096900C01309 /* Assets.xcassets */ = {isa = PBXFileReference; lastKnownFileType = folder.assetcatalog; path = Assets.xcassets; sourceTree = "<group>"; };
		D1A1F9D91EA9375D00D2CFE2 /* SeroMatch.app */ = {isa = PBXFileReference; explicitFileType = wrapper.application; includeInIndex = 0; path = SeroMatch.app; sourceTree = BUILT_PRODUCTS_DIR; };
		D1A1F9DC1EA9375D00D2CFE2 /* AppDelegate.swift */ = {isa = PBXFileReference; lastKnownFileType = sourcecode.swift; path = AppDelegate.swift; sourceTree = "<group>"; };
		D1A1F9E31EA9375D00D2CFE2 /* Base */ = {isa = PBXFileReference; lastKnownFileType = file.storyboard; name = Base; path = Base.lproj/Main.storyboard; sourceTree = "<group>"; };
		D1A1F9E81EA9375D00D2CFE2 /* Base */ = {isa = PBXFileReference; lastKnownFileType = file.storyboard; name = Base; path = Base.lproj/LaunchScreen.storyboard; sourceTree = "<group>"; };
		D1A1F9EA1EA9375D00D2CFE2 /* Info.plist */ = {isa = PBXFileReference; lastKnownFileType = text.plist.xml; path = Info.plist; sourceTree = "<group>"; };
		D1A1F9EF1EA9375D00D2CFE2 /* SeroMatchTests.xctest */ = {isa = PBXFileReference; explicitFileType = wrapper.cfbundle; includeInIndex = 0; path = SeroMatchTests.xctest; sourceTree = BUILT_PRODUCTS_DIR; };
		D1A1F9F31EA9375D00D2CFE2 /* SeroMatchTests.swift */ = {isa = PBXFileReference; lastKnownFileType = sourcecode.swift; path = SeroMatchTests.swift; sourceTree = "<group>"; };
		D1A1F9F51EA9375D00D2CFE2 /* Info.plist */ = {isa = PBXFileReference; lastKnownFileType = text.plist.xml; path = Info.plist; sourceTree = "<group>"; };
		D1A1F9FA1EA9375D00D2CFE2 /* SeroMatchUITests.xctest */ = {isa = PBXFileReference; explicitFileType = wrapper.cfbundle; includeInIndex = 0; path = SeroMatchUITests.xctest; sourceTree = BUILT_PRODUCTS_DIR; };
		D1A1F9FE1EA9375D00D2CFE2 /* SeroMatchUITests.swift */ = {isa = PBXFileReference; lastKnownFileType = sourcecode.swift; path = SeroMatchUITests.swift; sourceTree = "<group>"; };
		D1A1FA001EA9375D00D2CFE2 /* Info.plist */ = {isa = PBXFileReference; lastKnownFileType = text.plist.xml; path = Info.plist; sourceTree = "<group>"; };
/* End PBXFileReference section */

/* Begin PBXFrameworksBuildPhase section */
		D1A1F9D61EA9375D00D2CFE2 /* Frameworks */ = {
			isa = PBXFrameworksBuildPhase;
			buildActionMask = 2147483647;
			files = (
			);
			runOnlyForDeploymentPostprocessing = 0;
		};
		D1A1F9EC1EA9375D00D2CFE2 /* Frameworks */ = {
			isa = PBXFrameworksBuildPhase;
			buildActionMask = 2147483647;
			files = (
			);
			runOnlyForDeploymentPostprocessing = 0;
		};
		D1A1F9F71EA9375D00D2CFE2 /* Frameworks */ = {
			isa = PBXFrameworksBuildPhase;
			buildActionMask = 2147483647;
			files = (
			);
			runOnlyForDeploymentPostprocessing = 0;
		};
/* End PBXFrameworksBuildPhase section */

/* Begin PBXGroup section */
		D1A1F9D01EA9375D00D2CFE2 = {
			isa = PBXGroup;
			children = (
				D1A1F9DB1EA9375D00D2CFE2 /* SeroMatch */,
				D1A1F9F21EA9375D00D2CFE2 /* SeroMatchTests */,
				D1A1F9FD1EA9375D00D2CFE2 /* SeroMatchUITests */,
				D1A1F9DA1EA9375D00D2CFE2 /* Products */,
			);
			sourceTree = "<group>";
		};
		D1A1F9DA1EA9375D00D2CFE2 /* Products */ = {
			isa = PBXGroup;
			children = (
				D1A1F9D91EA9375D00D2CFE2 /* SeroMatch.app */,
				D1A1F9EF1EA9375D00D2CFE2 /* SeroMatchTests.xctest */,
				D1A1F9FA1EA9375D00D2CFE2 /* SeroMatchUITests.xctest */,
			);
			name = Products;
			sourceTree = "<group>";
		};
		D1A1F9DB1EA9375D00D2CFE2 /* SeroMatch */ = {
			isa = PBXGroup;
			children = (
				D197343F1EBC096900C01309 /* Assets.xcassets */,
				D1A1F9DC1EA9375D00D2CFE2 /* AppDelegate.swift */,
				D10276101EBBEF650019C0F3 /* masterTabVC.swift */,
				D12C59761EBB3A0D008E9CB4 /* CommunityTabVC.swift */,
				D168FBF11EBB1D85001648AF /* FeedVC.swift */,
				D168FBF31EBB1D98001648AF /* GroupsVC.swift */,
				D168FBF51EBB1DA7001648AF /* EventsVC.swift */,
				D12C59781EBB3A52008E9CB4 /* SearchTabVC.swift */,
				D168FBEF1EBB1D30001648AF /* MyProfileVC.swift */,
				D168FBEB1EBB1CEB001648AF /* MatchVC.swift */,
				D168FBED1EBB1D09001648AF /* SettingsVC.swift */,
				D1A1F9E21EA9375D00D2CFE2 /* Main.storyboard */,
				D1A1F9E71EA9375D00D2CFE2 /* LaunchScreen.storyboard */,
				D1A1F9EA1EA9375D00D2CFE2 /* Info.plist */,
			);
			path = SeroMatch;
			sourceTree = "<group>";
		};
		D1A1F9F21EA9375D00D2CFE2 /* SeroMatchTests */ = {
			isa = PBXGroup;
			children = (
				D1A1F9F31EA9375D00D2CFE2 /* SeroMatchTests.swift */,
				D1A1F9F51EA9375D00D2CFE2 /* Info.plist */,
			);
			path = SeroMatchTests;
			sourceTree = "<group>";
		};
		D1A1F9FD1EA9375D00D2CFE2 /* SeroMatchUITests */ = {
			isa = PBXGroup;
			children = (
				D1A1F9FE1EA9375D00D2CFE2 /* SeroMatchUITests.swift */,
				D1A1FA001EA9375D00D2CFE2 /* Info.plist */,
			);
			path = SeroMatchUITests;
			sourceTree = "<group>";
		};
/* End PBXGroup section */

/* Begin PBXNativeTarget section */
		D1A1F9D81EA9375D00D2CFE2 /* SeroMatch */ = {
			isa = PBXNativeTarget;
			buildConfigurationList = D1A1FA031EA9375D00D2CFE2 /* Build configuration list for PBXNativeTarget "SeroMatch" */;
			buildPhases = (
				D1A1F9D51EA9375D00D2CFE2 /* Sources */,
				D1A1F9D61EA9375D00D2CFE2 /* Frameworks */,
				D1A1F9D71EA9375D00D2CFE2 /* Resources */,
			);
			buildRules = (
			);
			dependencies = (
			);
			name = SeroMatch;
			productName = SeroMatch;
			productReference = D1A1F9D91EA9375D00D2CFE2 /* SeroMatch.app */;
			productType = "com.apple.product-type.application";
		};
		D1A1F9EE1EA9375D00D2CFE2 /* SeroMatchTests */ = {
			isa = PBXNativeTarget;
			buildConfigurationList = D1A1FA061EA9375D00D2CFE2 /* Build configuration list for PBXNativeTarget "SeroMatchTests" */;
			buildPhases = (
				D1A1F9EB1EA9375D00D2CFE2 /* Sources */,
				D1A1F9EC1EA9375D00D2CFE2 /* Frameworks */,
				D1A1F9ED1EA9375D00D2CFE2 /* Resources */,
			);
			buildRules = (
			);
			dependencies = (
				D1A1F9F11EA9375D00D2CFE2 /* PBXTargetDependency */,
			);
			name = SeroMatchTests;
			productName = SeroMatchTests;
			productReference = D1A1F9EF1EA9375D00D2CFE2 /* SeroMatchTests.xctest */;
			productType = "com.apple.product-type.bundle.unit-test";
		};
		D1A1F9F91EA9375D00D2CFE2 /* SeroMatchUITests */ = {
			isa = PBXNativeTarget;
			buildConfigurationList = D1A1FA091EA9375D00D2CFE2 /* Build configuration list for PBXNativeTarget "SeroMatchUITests" */;
			buildPhases = (
				D1A1F9F61EA9375D00D2CFE2 /* Sources */,
				D1A1F9F71EA9375D00D2CFE2 /* Frameworks */,
				D1A1F9F81EA9375D00D2CFE2 /* Resources */,
			);
			buildRules = (
			);
			dependencies = (
				D1A1F9FC1EA9375D00D2CFE2 /* PBXTargetDependency */,
			);
			name = SeroMatchUITests;
			productName = SeroMatchUITests;
			productReference = D1A1F9FA1EA9375D00D2CFE2 /* SeroMatchUITests.xctest */;
			productType = "com.apple.product-type.bundle.ui-testing";
		};
/* End PBXNativeTarget section */

/* Begin PBXProject section */
		D1A1F9D11EA9375D00D2CFE2 /* Project object */ = {
			isa = PBXProject;
			attributes = {
				LastSwiftUpdateCheck = 0830;
				LastUpgradeCheck = 0830;
				ORGANIZATIONNAME = SeroMatch;
				TargetAttributes = {
					D1A1F9D81EA9375D00D2CFE2 = {
						CreatedOnToolsVersion = 8.3.2;
						ProvisioningStyle = Automatic;
					};
					D1A1F9EE1EA9375D00D2CFE2 = {
						CreatedOnToolsVersion = 8.3.2;
						ProvisioningStyle = Automatic;
						TestTargetID = D1A1F9D81EA9375D00D2CFE2;
					};
					D1A1F9F91EA9375D00D2CFE2 = {
						CreatedOnToolsVersion = 8.3.2;
						ProvisioningStyle = Automatic;
						TestTargetID = D1A1F9D81EA9375D00D2CFE2;
					};
				};
			};
			buildConfigurationList = D1A1F9D41EA9375D00D2CFE2 /* Build configuration list for PBXProject "SeroMatch" */;
			compatibilityVersion = "Xcode 3.2";
			developmentRegion = English;
			hasScannedForEncodings = 0;
			knownRegions = (
				en,
				Base,
			);
			mainGroup = D1A1F9D01EA9375D00D2CFE2;
			productRefGroup = D1A1F9DA1EA9375D00D2CFE2 /* Products */;
			projectDirPath = "";
			projectRoot = "";
			targets = (
				D1A1F9D81EA9375D00D2CFE2 /* SeroMatch */,
				D1A1F9EE1EA9375D00D2CFE2 /* SeroMatchTests */,
				D1A1F9F91EA9375D00D2CFE2 /* SeroMatchUITests */,
			);
		};
/* End PBXProject section */

/* Begin PBXResourcesBuildPhase section */
		D1A1F9D71EA9375D00D2CFE2 /* Resources */ = {
			isa = PBXResourcesBuildPhase;
			buildActionMask = 2147483647;
			files = (
				D1A1F9E91EA9375D00D2CFE2 /* LaunchScreen.storyboard in Resources */,
				D19734401EBC096900C01309 /* Assets.xcassets in Resources */,
				D1A1F9E41EA9375D00D2CFE2 /* Main.storyboard in Resources */,
			);
			runOnlyForDeploymentPostprocessing = 0;
		};
		D1A1F9ED1EA9375D00D2CFE2 /* Resources */ = {
			isa = PBXResourcesBuildPhase;
			buildActionMask = 2147483647;
			files = (
			);
			runOnlyForDeploymentPostprocessing = 0;
		};
		D1A1F9F81EA9375D00D2CFE2 /* Resources */ = {
			isa = PBXResourcesBuildPhase;
			buildActionMask = 2147483647;
			files = (
			);
			runOnlyForDeploymentPostprocessing = 0;
		};
/* End PBXResourcesBuildPhase section */

/* Begin PBXSourcesBuildPhase section */
		D1A1F9D51EA9375D00D2CFE2 /* Sources */ = {
			isa = PBXSourcesBuildPhase;
			buildActionMask = 2147483647;
			files = (
				D168FBF01EBB1D30001648AF /* MyProfileVC.swift in Sources */,
				D168FBF21EBB1D85001648AF /* FeedVC.swift in Sources */,
				D168FBF41EBB1D98001648AF /* GroupsVC.swift in Sources */,
				D1A1F9DD1EA9375D00D2CFE2 /* AppDelegate.swift in Sources */,
				D12C59771EBB3A0D008E9CB4 /* CommunityTabVC.swift in Sources */,
				D168FBF61EBB1DA7001648AF /* EventsVC.swift in Sources */,
				D10276111EBBEF650019C0F3 /* masterTabVC.swift in Sources */,
				D168FBEC1EBB1CEB001648AF /* MatchVC.swift in Sources */,
				D168FBEE1EBB1D09001648AF /* SettingsVC.swift in Sources */,
				D12C59791EBB3A52008E9CB4 /* SearchTabVC.swift in Sources */,
			);
			runOnlyForDeploymentPostprocessing = 0;
		};
		D1A1F9EB1EA9375D00D2CFE2 /* Sources */ = {
			isa = PBXSourcesBuildPhase;
			buildActionMask = 2147483647;
			files = (
				D1A1F9F41EA9375D00D2CFE2 /* SeroMatchTests.swift in Sources */,
			);
			runOnlyForDeploymentPostprocessing = 0;
		};
		D1A1F9F61EA9375D00D2CFE2 /* Sources */ = {
			isa = PBXSourcesBuildPhase;
			buildActionMask = 2147483647;
			files = (
				D1A1F9FF1EA9375D00D2CFE2 /* SeroMatchUITests.swift in Sources */,
			);
			runOnlyForDeploymentPostprocessing = 0;
		};
/* End PBXSourcesBuildPhase section */

/* Begin PBXTargetDependency section */
		D1A1F9F11EA9375D00D2CFE2 /* PBXTargetDependency */ = {
			isa = PBXTargetDependency;
			target = D1A1F9D81EA9375D00D2CFE2 /* SeroMatch */;
			targetProxy = D1A1F9F01EA9375D00D2CFE2 /* PBXContainerItemProxy */;
		};
		D1A1F9FC1EA9375D00D2CFE2 /* PBXTargetDependency */ = {
			isa = PBXTargetDependency;
			target = D1A1F9D81EA9375D00D2CFE2 /* SeroMatch */;
			targetProxy = D1A1F9FB1EA9375D00D2CFE2 /* PBXContainerItemProxy */;
		};
/* End PBXTargetDependency section */

/* Begin PBXVariantGroup section */
		D1A1F9E21EA9375D00D2CFE2 /* Main.storyboard */ = {
			isa = PBXVariantGroup;
			children = (
				D1A1F9E31EA9375D00D2CFE2 /* Base */,
			);
			name = Main.storyboard;
			sourceTree = "<group>";
		};
		D1A1F9E71EA9375D00D2CFE2 /* LaunchScreen.storyboard */ = {
			isa = PBXVariantGroup;
			children = (
				D1A1F9E81EA9375D00D2CFE2 /* Base */,
			);
			name = LaunchScreen.storyboard;
			sourceTree = "<group>";
		};
/* End PBXVariantGroup section */

/* Begin XCBuildConfiguration section */
		D1A1FA011EA9375D00D2CFE2 /* Debug */ = {
			isa = XCBuildConfiguration;
			buildSettings = {
				ALWAYS_SEARCH_USER_PATHS = NO;
				CLANG_ANALYZER_NONNULL = YES;
				CLANG_ANALYZER_NUMBER_OBJECT_CONVERSION = YES_AGGRESSIVE;
				CLANG_CXX_LANGUAGE_STANDARD = "gnu++0x";
				CLANG_CXX_LIBRARY = "libc++";
				CLANG_ENABLE_MODULES = YES;
				CLANG_ENABLE_OBJC_ARC = YES;
				CLANG_WARN_BOOL_CONVERSION = YES;
				CLANG_WARN_CONSTANT_CONVERSION = YES;
				CLANG_WARN_DIRECT_OBJC_ISA_USAGE = YES_ERROR;
				CLANG_WARN_DOCUMENTATION_COMMENTS = YES;
				CLANG_WARN_EMPTY_BODY = YES;
				CLANG_WARN_ENUM_CONVERSION = YES;
				CLANG_WARN_INFINITE_RECURSION = YES;
				CLANG_WARN_INT_CONVERSION = YES;
				CLANG_WARN_OBJC_ROOT_CLASS = YES_ERROR;
				CLANG_WARN_SUSPICIOUS_MOVE = YES;
				CLANG_WARN_UNREACHABLE_CODE = YES;
				CLANG_WARN__DUPLICATE_METHOD_MATCH = YES;
				"CODE_SIGN_IDENTITY[sdk=iphoneos*]" = "iPhone Developer";
				COPY_PHASE_STRIP = NO;
				DEBUG_INFORMATION_FORMAT = dwarf;
				ENABLE_STRICT_OBJC_MSGSEND = YES;
				ENABLE_TESTABILITY = YES;
				GCC_C_LANGUAGE_STANDARD = gnu99;
				GCC_DYNAMIC_NO_PIC = NO;
				GCC_NO_COMMON_BLOCKS = YES;
				GCC_OPTIMIZATION_LEVEL = 0;
				GCC_PREPROCESSOR_DEFINITIONS = (
					"DEBUG=1",
					"$(inherited)",
				);
				GCC_WARN_64_TO_32_BIT_CONVERSION = YES;
				GCC_WARN_ABOUT_RETURN_TYPE = YES_ERROR;
				GCC_WARN_UNDECLARED_SELECTOR = YES;
				GCC_WARN_UNINITIALIZED_AUTOS = YES_AGGRESSIVE;
				GCC_WARN_UNUSED_FUNCTION = YES;
				GCC_WARN_UNUSED_VARIABLE = YES;
				IPHONEOS_DEPLOYMENT_TARGET = 10.3;
				MTL_ENABLE_DEBUG_INFO = YES;
				ONLY_ACTIVE_ARCH = YES;
				SDKROOT = iphoneos;
				SWIFT_ACTIVE_COMPILATION_CONDITIONS = DEBUG;
				SWIFT_OPTIMIZATION_LEVEL = "-Onone";
				TARGETED_DEVICE_FAMILY = "1,2";
			};
			name = Debug;
		};
		D1A1FA021EA9375D00D2CFE2 /* Release */ = {
			isa = XCBuildConfiguration;
			buildSettings = {
				ALWAYS_SEARCH_USER_PATHS = NO;
				CLANG_ANALYZER_NONNULL = YES;
				CLANG_ANALYZER_NUMBER_OBJECT_CONVERSION = YES_AGGRESSIVE;
				CLANG_CXX_LANGUAGE_STANDARD = "gnu++0x";
				CLANG_CXX_LIBRARY = "libc++";
				CLANG_ENABLE_MODULES = YES;
				CLANG_ENABLE_OBJC_ARC = YES;
				CLANG_WARN_BOOL_CONVERSION = YES;
				CLANG_WARN_CONSTANT_CONVERSION = YES;
				CLANG_WARN_DIRECT_OBJC_ISA_USAGE = YES_ERROR;
				CLANG_WARN_DOCUMENTATION_COMMENTS = YES;
				CLANG_WARN_EMPTY_BODY = YES;
				CLANG_WARN_ENUM_CONVERSION = YES;
				CLANG_WARN_INFINITE_RECURSION = YES;
				CLANG_WARN_INT_CONVERSION = YES;
				CLANG_WARN_OBJC_ROOT_CLASS = YES_ERROR;
				CLANG_WARN_SUSPICIOUS_MOVE = YES;
				CLANG_WARN_UNREACHABLE_CODE = YES;
				CLANG_WARN__DUPLICATE_METHOD_MATCH = YES;
				"CODE_SIGN_IDENTITY[sdk=iphoneos*]" = "iPhone Developer";
				COPY_PHASE_STRIP = NO;
				DEBUG_INFORMATION_FORMAT = "dwarf-with-dsym";
				ENABLE_NS_ASSERTIONS = NO;
				ENABLE_STRICT_OBJC_MSGSEND = YES;
				GCC_C_LANGUAGE_STANDARD = gnu99;
				GCC_NO_COMMON_BLOCKS = YES;
				GCC_WARN_64_TO_32_BIT_CONVERSION = YES;
				GCC_WARN_ABOUT_RETURN_TYPE = YES_ERROR;
				GCC_WARN_UNDECLARED_SELECTOR = YES;
				GCC_WARN_UNINITIALIZED_AUTOS = YES_AGGRESSIVE;
				GCC_WARN_UNUSED_FUNCTION = YES;
				GCC_WARN_UNUSED_VARIABLE = YES;
				IPHONEOS_DEPLOYMENT_TARGET = 10.3;
				MTL_ENABLE_DEBUG_INFO = NO;
				SDKROOT = iphoneos;
				SWIFT_OPTIMIZATION_LEVEL = "-Owholemodule";
				TARGETED_DEVICE_FAMILY = "1,2";
				VALIDATE_PRODUCT = YES;
			};
			name = Release;
		};
		D1A1FA041EA9375D00D2CFE2 /* Debug */ = {
			isa = XCBuildConfiguration;
			buildSettings = {
				ASSETCATALOG_COMPILER_APPICON_NAME = AppIcon;
				INFOPLIST_FILE = SeroMatch/Info.plist;
				LD_RUNPATH_SEARCH_PATHS = "$(inherited) @executable_path/Frameworks";
				PRODUCT_BUNDLE_IDENTIFIER = Sero.SeroMatch;
				PRODUCT_NAME = "$(TARGET_NAME)";
				SWIFT_VERSION = 3.0;
			};
			name = Debug;
		};
		D1A1FA051EA9375D00D2CFE2 /* Release */ = {
			isa = XCBuildConfiguration;
			buildSettings = {
				ASSETCATALOG_COMPILER_APPICON_NAME = AppIcon;
				INFOPLIST_FILE = SeroMatch/Info.plist;
				LD_RUNPATH_SEARCH_PATHS = "$(inherited) @executable_path/Frameworks";
				PRODUCT_BUNDLE_IDENTIFIER = Sero.SeroMatch;
				PRODUCT_NAME = "$(TARGET_NAME)";
				SWIFT_VERSION = 3.0;
			};
			name = Release;
		};
		D1A1FA071EA9375D00D2CFE2 /* Debug */ = {
			isa = XCBuildConfiguration;
			buildSettings = {
				ALWAYS_EMBED_SWIFT_STANDARD_LIBRARIES = YES;
				BUNDLE_LOADER = "$(TEST_HOST)";
				INFOPLIST_FILE = SeroMatchTests/Info.plist;
				LD_RUNPATH_SEARCH_PATHS = "$(inherited) @executable_path/Frameworks @loader_path/Frameworks";
				PRODUCT_BUNDLE_IDENTIFIER = Sero.SeroMatchTests;
				PRODUCT_NAME = "$(TARGET_NAME)";
				SWIFT_VERSION = 3.0;
				TEST_HOST = "$(BUILT_PRODUCTS_DIR)/SeroMatch.app/SeroMatch";
			};
			name = Debug;
		};
		D1A1FA081EA9375D00D2CFE2 /* Release */ = {
			isa = XCBuildConfiguration;
			buildSettings = {
				ALWAYS_EMBED_SWIFT_STANDARD_LIBRARIES = YES;
				BUNDLE_LOADER = "$(TEST_HOST)";
				INFOPLIST_FILE = SeroMatchTests/Info.plist;
				LD_RUNPATH_SEARCH_PATHS = "$(inherited) @executable_path/Frameworks @loader_path/Frameworks";
				PRODUCT_BUNDLE_IDENTIFIER = Sero.SeroMatchTests;
				PRODUCT_NAME = "$(TARGET_NAME)";
				SWIFT_VERSION = 3.0;
				TEST_HOST = "$(BUILT_PRODUCTS_DIR)/SeroMatch.app/SeroMatch";
			};
			name = Release;
		};
		D1A1FA0A1EA9375D00D2CFE2 /* Debug */ = {
			isa = XCBuildConfiguration;
			buildSettings = {
				ALWAYS_EMBED_SWIFT_STANDARD_LIBRARIES = YES;
				INFOPLIST_FILE = SeroMatchUITests/Info.plist;
				LD_RUNPATH_SEARCH_PATHS = "$(inherited) @executable_path/Frameworks @loader_path/Frameworks";
				PRODUCT_BUNDLE_IDENTIFIER = Sero.SeroMatchUITests;
				PRODUCT_NAME = "$(TARGET_NAME)";
				SWIFT_VERSION = 3.0;
				TEST_TARGET_NAME = SeroMatch;
			};
			name = Debug;
		};
		D1A1FA0B1EA9375D00D2CFE2 /* Release */ = {
			isa = XCBuildConfiguration;
			buildSettings = {
				ALWAYS_EMBED_SWIFT_STANDARD_LIBRARIES = YES;
				INFOPLIST_FILE = SeroMatchUITests/Info.plist;
				LD_RUNPATH_SEARCH_PATHS = "$(inherited) @executable_path/Frameworks @loader_path/Frameworks";
				PRODUCT_BUNDLE_IDENTIFIER = Sero.SeroMatchUITests;
				PRODUCT_NAME = "$(TARGET_NAME)";
				SWIFT_VERSION = 3.0;
				TEST_TARGET_NAME = SeroMatch;
			};
			name = Release;
		};
/* End XCBuildConfiguration section */

/* Begin XCConfigurationList section */
		D1A1F9D41EA9375D00D2CFE2 /* Build configuration list for PBXProject "SeroMatch" */ = {
			isa = XCConfigurationList;
			buildConfigurations = (
				D1A1FA011EA9375D00D2CFE2 /* Debug */,
				D1A1FA021EA9375D00D2CFE2 /* Release */,
			);
			defaultConfigurationIsVisible = 0;
			defaultConfigurationName = Release;
		};
		D1A1FA031EA9375D00D2CFE2 /* Build configuration list for PBXNativeTarget "SeroMatch" */ = {
			isa = XCConfigurationList;
			buildConfigurations = (
				D1A1FA041EA9375D00D2CFE2 /* Debug */,
				D1A1FA051EA9375D00D2CFE2 /* Release */,
			);
			defaultConfigurationIsVisible = 0;
			defaultConfigurationName = Release;
		};
		D1A1FA061EA9375D00D2CFE2 /* Build configuration list for PBXNativeTarget "SeroMatchTests" */ = {
			isa = XCConfigurationList;
			buildConfigurations = (
				D1A1FA071EA9375D00D2CFE2 /* Debug */,
				D1A1FA081EA9375D00D2CFE2 /* Release */,
			);
			defaultConfigurationIsVisible = 0;
			defaultConfigurationName = Release;
		};
		D1A1FA091EA9375D00D2CFE2 /* Build configuration list for PBXNativeTarget "SeroMatchUITests" */ = {
			isa = XCConfigurationList;
			buildConfigurations = (
				D1A1FA0A1EA9375D00D2CFE2 /* Debug */,
				D1A1FA0B1EA9375D00D2CFE2 /* Release */,
			);
			defaultConfigurationIsVisible = 0;
			defaultConfigurationName = Release;
		};
/* End XCConfigurationList section */
	};
	rootObject = D1A1F9D11EA9375D00D2CFE2 /* Project object */;
}
